
Microsoft Visual Studio Solution File, Format Version 12.00
# Visual Studio Version 16
VisualStudioVersion = 16.0.30711.63
MinimumVisualStudioVersion = 10.0.40219.1
Project("{FAE04EC0-301F-11D3-BF4B-00C04F79EFBC}") = "GitTest", "GitTest\GitTest.csproj", "{8505F95A-2720-40F1-90E7-14A91C694B31}"
EndProject
Global
	GlobalSection(SolutionConfigurationPlatforms) = preSolution
		Debug|Any CPU = Debug|Any CPU
		Release|Any CPU = Release|Any CPU
	EndGlobalSection
	GlobalSection(ProjectConfigurationPlatforms) = postSolution
		{8505F95A-2720-40F1-90E7-14A91C694B31}.Debug|Any CPU.ActiveCfg = Debug|Any CPU
		{8505F95A-2720-40F1-90E7-14A91C694B31}.Debug|Any CPU.Build.0 = Debug|Any CPU
		{8505F95A-2720-40F1-90E7-14A91C694B31}.Release|Any CPU.ActiveCfg = Release|Any CPU
		{8505F95A-2720-40F1-90E7-14A91C694B31}.Release|Any CPU.Build.0 = Release|Any CPU
	EndGlobalSection
	GlobalSection(SolutionProperties) = preSolution
		HideSolutionNode = FALSE
	EndGlobalSection
	GlobalSection(ExtensibilityGlobals) = postSolution
		SolutionGuid = {F22FDE6D-41C8-4DAF-A9E1-4ED612445BEB}
	EndGlobalSection
EndGlobal
